
Microsoft Visual Studio Solution File, Format Version 12.00
# Visual Studio Version 17
VisualStudioVersion = 17.5.33502.453
MinimumVisualStudioVersion = 10.0.40219.1
Project("{FAE04EC0-301F-11D3-BF4B-00C04F79EFBC}") = "Fullstack.API", "Fullstack.API\Fullstack.API.csproj", "{63B825FF-1F40-483D-8DB4-5F1CDD51AE79}"
EndProject
Global
	GlobalSection(SolutionConfigurationPlatforms) = preSolution
		Debug|Any CPU = Debug|Any CPU
		Release|Any CPU = Release|Any CPU
	EndGlobalSection
	GlobalSection(ProjectConfigurationPlatforms) = postSolution
		{63B825FF-1F40-483D-8DB4-5F1CDD51AE79}.Debug|Any CPU.ActiveCfg = Debug|Any CPU
		{63B825FF-1F40-483D-8DB4-5F1CDD51AE79}.Debug|Any CPU.Build.0 = Debug|Any CPU
		{63B825FF-1F40-483D-8DB4-5F1CDD51AE79}.Release|Any CPU.ActiveCfg = Release|Any CPU
		{63B825FF-1F40-483D-8DB4-5F1CDD51AE79}.Release|Any CPU.Build.0 = Release|Any CPU
	EndGlobalSection
	GlobalSection(SolutionProperties) = preSolution
		HideSolutionNode = FALSE
	EndGlobalSection
	GlobalSection(ExtensibilityGlobals) = postSolution
		SolutionGuid = {B3567C17-EF5E-4B20-A195-E124CFC88A93}
	EndGlobalSection
EndGlobal
